// !$*UTF8*$!
{
	archiveVersion = 1;
	classes = {
	};
	objectVersion = 50;
	objects = {

/* Begin PBXBuildFile section */
		0482BBEC248E0EDA00D1ACC5 /* AppDelegate.swift in Sources */ = {isa = PBXBuildFile; fileRef = 0482BBEB248E0EDA00D1ACC5 /* AppDelegate.swift */; };
		0482BBEE248E0EDA00D1ACC5 /* SceneDelegate.swift in Sources */ = {isa = PBXBuildFile; fileRef = 0482BBED248E0EDA00D1ACC5 /* SceneDelegate.swift */; };
		0482BBF0248E0EDA00D1ACC5 /* MainViewController.swift in Sources */ = {isa = PBXBuildFile; fileRef = 0482BBEF248E0EDA00D1ACC5 /* MainViewController.swift */; };
		0482BBF3248E0EDA00D1ACC5 /* Main.storyboard in Resources */ = {isa = PBXBuildFile; fileRef = 0482BBF1248E0EDA00D1ACC5 /* Main.storyboard */; };
		0482BBF5248E0EDD00D1ACC5 /* Assets.xcassets in Resources */ = {isa = PBXBuildFile; fileRef = 0482BBF4248E0EDD00D1ACC5 /* Assets.xcassets */; };
		0482BBF8248E0EDD00D1ACC5 /* LaunchScreen.storyboard in Resources */ = {isa = PBXBuildFile; fileRef = 0482BBF6248E0EDD00D1ACC5 /* LaunchScreen.storyboard */; };
		0482BC00248E179E00D1ACC5 /* RegisterViewController.swift in Sources */ = {isa = PBXBuildFile; fileRef = 0482BBFF248E179E00D1ACC5 /* RegisterViewController.swift */; };
/* End PBXBuildFile section */

/* Begin PBXFileReference section */
		0482BBE8248E0EDA00D1ACC5 /* NaviLoginViewController.app */ = {isa = PBXFileReference; explicitFileType = wrapper.application; includeInIndex = 0; path = NaviLoginViewController.app; sourceTree = BUILT_PRODUCTS_DIR; };
		0482BBEB248E0EDA00D1ACC5 /* AppDelegate.swift */ = {isa = PBXFileReference; lastKnownFileType = sourcecode.swift; path = AppDelegate.swift; sourceTree = "<group>"; };
		0482BBED248E0EDA00D1ACC5 /* SceneDelegate.swift */ = {isa = PBXFileReference; lastKnownFileType = sourcecode.swift; path = SceneDelegate.swift; sourceTree = "<group>"; };
		0482BBEF248E0EDA00D1ACC5 /* MainViewController.swift */ = {isa = PBXFileReference; lastKnownFileType = sourcecode.swift; path = MainViewController.swift; sourceTree = "<group>"; };
		0482BBF2248E0EDA00D1ACC5 /* Base */ = {isa = PBXFileReference; lastKnownFileType = file.storyboard; name = Base; path = Base.lproj/Main.storyboard; sourceTree = "<group>"; };
		0482BBF4248E0EDD00D1ACC5 /* Assets.xcassets */ = {isa = PBXFileReference; lastKnownFileType = folder.assetcatalog; path = Assets.xcassets; sourceTree = "<group>"; };
		0482BBF7248E0EDD00D1ACC5 /* Base */ = {isa = PBXFileReference; lastKnownFileType = file.storyboard; name = Base; path = Base.lproj/LaunchScreen.storyboard; sourceTree = "<group>"; };
		0482BBF9248E0EDD00D1ACC5 /* Info.plist */ = {isa = PBXFileReference; lastKnownFileType = text.plist.xml; path = Info.plist; sourceTree = "<group>"; };
		0482BBFF248E179E00D1ACC5 /* RegisterViewController.swift */ = {isa = PBXFileReference; lastKnownFileType = sourcecode.swift; path = RegisterViewController.swift; sourceTree = "<group>"; };
/* End PBXFileReference section */

/* Begin PBXFrameworksBuildPhase section */
		0482BBE5248E0EDA00D1ACC5 /* Frameworks */ = {
			isa = PBXFrameworksBuildPhase;
			buildActionMask = 2147483647;
			files = (
			);
			runOnlyForDeploymentPostprocessing = 0;
		};
/* End PBXFrameworksBuildPhase section */

/* Begin PBXGroup section */
		0482BBDF248E0EDA00D1ACC5 = {
			isa = PBXGroup;
			children = (
				0482BBEA248E0EDA00D1ACC5 /* NaviLoginViewController */,
				0482BBE9248E0EDA00D1ACC5 /* Products */,
			);
			sourceTree = "<group>";
		};
		0482BBE9248E0EDA00D1ACC5 /* Products */ = {
			isa = PBXGroup;
			children = (
				0482BBE8248E0EDA00D1ACC5 /* NaviLoginViewController.app */,
			);
			name = Products;
			sourceTree = "<group>";
		};
		0482BBEA248E0EDA00D1ACC5 /* NaviLoginViewController */ = {
			isa = PBXGroup;
			children = (
				0482BC02248E17E900D1ACC5 /* Controllers */,
				0482BBEB248E0EDA00D1ACC5 /* AppDelegate.swift */,
				0482BBED248E0EDA00D1ACC5 /* SceneDelegate.swift */,
				0482BBF1248E0EDA00D1ACC5 /* Main.storyboard */,
				0482BBF4248E0EDD00D1ACC5 /* Assets.xcassets */,
				0482BBF6248E0EDD00D1ACC5 /* LaunchScreen.storyboard */,
				0482BBF9248E0EDD00D1ACC5 /* Info.plist */,
			);
			path = NaviLoginViewController;
			sourceTree = "<group>";
		};
		0482BC02248E17E900D1ACC5 /* Controllers */ = {
			isa = PBXGroup;
			children = (
				0482BBEF248E0EDA00D1ACC5 /* MainViewController.swift */,
				0482BBFF248E179E00D1ACC5 /* RegisterViewController.swift */,
			);
			path = Controllers;
			sourceTree = "<group>";
		};
/* End PBXGroup section */

/* Begin PBXNativeTarget section */
		0482BBE7248E0EDA00D1ACC5 /* NaviLoginViewController */ = {
			isa = PBXNativeTarget;
			buildConfigurationList = 0482BBFC248E0EDD00D1ACC5 /* Build configuration list for PBXNativeTarget "NaviLoginViewController" */;
			buildPhases = (
				0482BBE4248E0EDA00D1ACC5 /* Sources */,
				0482BBE5248E0EDA00D1ACC5 /* Frameworks */,
				0482BBE6248E0EDA00D1ACC5 /* Resources */,
			);
			buildRules = (
			);
			dependencies = (
			);
			name = NaviLoginViewController;
			productName = NaviLoginViewController;
			productReference = 0482BBE8248E0EDA00D1ACC5 /* NaviLoginViewController.app */;
			productType = "com.apple.product-type.application";
		};
/* End PBXNativeTarget section */

/* Begin PBXProject section */
		0482BBE0248E0EDA00D1ACC5 /* Project object */ = {
			isa = PBXProject;
			attributes = {
				LastSwiftUpdateCheck = 1150;
				LastUpgradeCheck = 1150;
				ORGANIZATIONNAME = Seokjin;
				TargetAttributes = {
					0482BBE7248E0EDA00D1ACC5 = {
						CreatedOnToolsVersion = 11.5;
					};
				};
			};
			buildConfigurationList = 0482BBE3248E0EDA00D1ACC5 /* Build configuration list for PBXProject "NaviLoginViewController" */;
			compatibilityVersion = "Xcode 9.3";
			developmentRegion = en;
			hasScannedForEncodings = 0;
			knownRegions = (
				en,
				Base,
			);
			mainGroup = 0482BBDF248E0EDA00D1ACC5;
			productRefGroup = 0482BBE9248E0EDA00D1ACC5 /* Products */;
			projectDirPath = "";
			projectRoot = "";
			targets = (
				0482BBE7248E0EDA00D1ACC5 /* NaviLoginViewController */,
			);
		};
/* End PBXProject section */

/* Begin PBXResourcesBuildPhase section */
		0482BBE6248E0EDA00D1ACC5 /* Resources */ = {
			isa = PBXResourcesBuildPhase;
			buildActionMask = 2147483647;
			files = (
				0482BBF8248E0EDD00D1ACC5 /* LaunchScreen.storyboard in Resources */,
				0482BBF5248E0EDD00D1ACC5 /* Assets.xcassets in Resources */,
				0482BBF3248E0EDA00D1ACC5 /* Main.storyboard in Resources */,
			);
			runOnlyForDeploymentPostprocessing = 0;
		};
/* End PBXResourcesBuildPhase section */

/* Begin PBXSourcesBuildPhase section */
		0482BBE4248E0EDA00D1ACC5 /* Sources */ = {
			isa = PBXSourcesBuildPhase;
			buildActionMask = 2147483647;
			files = (
				0482BBF0248E0EDA00D1ACC5 /* MainViewController.swift in Sources */,
				0482BBEC248E0EDA00D1ACC5 /* AppDelegate.swift in Sources */,
				0482BBEE248E0EDA00D1ACC5 /* SceneDelegate.swift in Sources */,
				0482BC00248E179E00D1ACC5 /* RegisterViewController.swift in Sources */,
			);
			runOnlyForDeploymentPostprocessing = 0;
		};
/* End PBXSourcesBuildPhase section */

/* Begin PBXVariantGroup section */
		0482BBF1248E0EDA00D1ACC5 /* Main.storyboard */ = {
			isa = PBXVariantGroup;
			children = (
				0482BBF2248E0EDA00D1ACC5 /* Base */,
			);
			name = Main.storyboard;
			sourceTree = "<group>";
		};
		0482BBF6248E0EDD00D1ACC5 /* LaunchScreen.storyboard */ = {
			isa = PBXVariantGroup;
			children = (
				0482BBF7248E0EDD00D1ACC5 /* Base */,
			);
			name = LaunchScreen.storyboard;
			sourceTree = "<group>";
		};
/* End PBXVariantGroup section */

/* Begin XCBuildConfiguration section */
		0482BBFA248E0EDD00D1ACC5 /* Debug */ = {
			isa = XCBuildConfiguration;
			buildSettings = {
				ALWAYS_SEARCH_USER_PATHS = NO;
				CLANG_ANALYZER_NONNULL = YES;
				CLANG_ANALYZER_NUMBER_OBJECT_CONVERSION = YES_AGGRESSIVE;
				CLANG_CXX_LANGUAGE_STANDARD = "gnu++14";
				CLANG_CXX_LIBRARY = "libc++";
				CLANG_ENABLE_MODULES = YES;
				CLANG_ENABLE_OBJC_ARC = YES;
				CLANG_ENABLE_OBJC_WEAK = YES;
				CLANG_WARN_BLOCK_CAPTURE_AUTORELEASING = YES;
				CLANG_WARN_BOOL_CONVERSION = YES;
				CLANG_WARN_COMMA = YES;
				CLANG_WARN_CONSTANT_CONVERSION = YES;
				CLANG_WARN_DEPRECATED_OBJC_IMPLEMENTATIONS = YES;
				CLANG_WARN_DIRECT_OBJC_ISA_USAGE = YES_ERROR;
				CLANG_WARN_DOCUMENTATION_COMMENTS = YES;
				CLANG_WARN_EMPTY_BODY = YES;
				CLANG_WARN_ENUM_CONVERSION = YES;
				CLANG_WARN_INFINITE_RECURSION = YES;
				CLANG_WARN_INT_CONVERSION = YES;
				CLANG_WARN_NON_LITERAL_NULL_CONVERSION = YES;
				CLANG_WARN_OBJC_IMPLICIT_RETAIN_SELF = YES;
				CLANG_WARN_OBJC_LITERAL_CONVERSION = YES;
				CLANG_WARN_OBJC_ROOT_CLASS = YES_ERROR;
				CLANG_WARN_RANGE_LOOP_ANALYSIS = YES;
				CLANG_WARN_STRICT_PROTOTYPES = YES;
				CLANG_WARN_SUSPICIOUS_MOVE = YES;
				CLANG_WARN_UNGUARDED_AVAILABILITY = YES_AGGRESSIVE;
				CLANG_WARN_UNREACHABLE_CODE = YES;
				CLANG_WARN__DUPLICATE_METHOD_MATCH = YES;
				COPY_PHASE_STRIP = NO;
				DEBUG_INFORMATION_FORMAT = dwarf;
				ENABLE_STRICT_OBJC_MSGSEND = YES;
				ENABLE_TESTABILITY = YES;
				GCC_C_LANGUAGE_STANDARD = gnu11;
				GCC_DYNAMIC_NO_PIC = NO;
				GCC_NO_COMMON_BLOCKS = YES;
				GCC_OPTIMIZATION_LEVEL = 0;
				GCC_PREPROCESSOR_DEFINITIONS = (
					"DEBUG=1",
					"$(inherited)",
				);
				GCC_WARN_64_TO_32_BIT_CONVERSION = YES;
				GCC_WARN_ABOUT_RETURN_TYPE = YES_ERROR;
				GCC_WARN_UNDECLARED_SELECTOR = YES;
				GCC_WARN_UNINITIALIZED_AUTOS = YES_AGGRESSIVE;
				GCC_WARN_UNUSED_FUNCTION = YES;
				GCC_WARN_UNUSED_VARIABLE = YES;
				IPHONEOS_DEPLOYMENT_TARGET = 13.5;
				MTL_ENABLE_DEBUG_INFO = INCLUDE_SOURCE;
				MTL_FAST_MATH = YES;
				ONLY_ACTIVE_ARCH = YES;
				SDKROOT = iphoneos;
				SWIFT_ACTIVE_COMPILATION_CONDITIONS = DEBUG;
				SWIFT_OPTIMIZATION_LEVEL = "-Onone";
			};
			name = Debug;
		};
		0482BBFB248E0EDD00D1ACC5 /* Release */ = {
			isa = XCBuildConfiguration;
			buildSettings = {
				ALWAYS_SEARCH_USER_PATHS = NO;
				CLANG_ANALYZER_NONNULL = YES;
				CLANG_ANALYZER_NUMBER_OBJECT_CONVERSION = YES_AGGRESSIVE;
				CLANG_CXX_LANGUAGE_STANDARD = "gnu++14";
				CLANG_CXX_LIBRARY = "libc++";
				CLANG_ENABLE_MODULES = YES;
				CLANG_ENABLE_OBJC_ARC = YES;
				CLANG_ENABLE_OBJC_WEAK = YES;
				CLANG_WARN_BLOCK_CAPTURE_AUTORELEASING = YES;
				CLANG_WARN_BOOL_CONVERSION = YES;
				CLANG_WARN_COMMA = YES;
				CLANG_WARN_CONSTANT_CONVERSION = YES;
				CLANG_WARN_DEPRECATED_OBJC_IMPLEMENTATIONS = YES;
				CLANG_WARN_DIRECT_OBJC_ISA_USAGE = YES_ERROR;
				CLANG_WARN_DOCUMENTATION_COMMENTS = YES;
				CLANG_WARN_EMPTY_BODY = YES;
				CLANG_WARN_ENUM_CONVERSION = YES;
				CLANG_WARN_INFINITE_RECURSION = YES;
				CLANG_WARN_INT_CONVERSION = YES;
				CLANG_WARN_NON_LITERAL_NULL_CONVERSION = YES;
				CLANG_WARN_OBJC_IMPLICIT_RETAIN_SELF = YES;
				CLANG_WARN_OBJC_LITERAL_CONVERSION = YES;
				CLANG_WARN_OBJC_ROOT_CLASS = YES_ERROR;
				CLANG_WARN_RANGE_LOOP_ANALYSIS = YES;
				CLANG_WARN_STRICT_PROTOTYPES = YES;
				CLANG_WARN_SUSPICIOUS_MOVE = YES;
				CLANG_WARN_UNGUARDED_AVAILABILITY = YES_AGGRESSIVE;
				CLANG_WARN_UNREACHABLE_CODE = YES;
				CLANG_WARN__DUPLICATE_METHOD_MATCH = YES;
				COPY_PHASE_STRIP = NO;
				DEBUG_INFORMATION_FORMAT = "dwarf-with-dsym";
				ENABLE_NS_ASSERTIONS = NO;
				ENABLE_STRICT_OBJC_MSGSEND = YES;
				GCC_C_LANGUAGE_STANDARD = gnu11;
				GCC_NO_COMMON_BLOCKS = YES;
				GCC_WARN_64_TO_32_BIT_CONVERSION = YES;
				GCC_WARN_ABOUT_RETURN_TYPE = YES_ERROR;
				GCC_WARN_UNDECLARED_SELECTOR = YES;
				GCC_WARN_UNINITIALIZED_AUTOS = YES_AGGRESSIVE;
				GCC_WARN_UNUSED_FUNCTION = YES;
				GCC_WARN_UNUSED_VARIABLE = YES;
				IPHONEOS_DEPLOYMENT_TARGET = 13.5;
				MTL_ENABLE_DEBUG_INFO = NO;
				MTL_FAST_MATH = YES;
				SDKROOT = iphoneos;
				SWIFT_COMPILATION_MODE = wholemodule;
				SWIFT_OPTIMIZATION_LEVEL = "-O";
				VALIDATE_PRODUCT = YES;
			};
			name = Release;
		};
		0482BBFD248E0EDD00D1ACC5 /* Debug */ = {
			isa = XCBuildConfiguration;
			buildSettings = {
				ASSETCATALOG_COMPILER_APPICON_NAME = AppIcon;
				CODE_SIGN_STYLE = Automatic;
				DEVELOPMENT_TEAM = 6AN364W3MX;
				INFOPLIST_FILE = NaviLoginViewController/Info.plist;
				LD_RUNPATH_SEARCH_PATHS = (
					"$(inherited)",
					"@executable_path/Frameworks",
				);
				PRODUCT_BUNDLE_IDENTIFIER = sj2joy.NaviLoginViewController;
				PRODUCT_NAME = "$(TARGET_NAME)";
				SWIFT_VERSION = 5.0;
				TARGETED_DEVICE_FAMILY = "1,2";
			};
			name = Debug;
		};
		0482BBFE248E0EDD00D1ACC5 /* Release */ = {
			isa = XCBuildConfiguration;
			buildSettings = {
				ASSETCATALOG_COMPILER_APPICON_NAME = AppIcon;
				CODE_SIGN_STYLE = Automatic;
				DEVELOPMENT_TEAM = 6AN364W3MX;
				INFOPLIST_FILE = NaviLoginViewController/Info.plist;
				LD_RUNPATH_SEARCH_PATHS = (
					"$(inherited)",
					"@executable_path/Frameworks",
				);
				PRODUCT_BUNDLE_IDENTIFIER = sj2joy.NaviLoginViewController;
				PRODUCT_NAME = "$(TARGET_NAME)";
				SWIFT_VERSION = 5.0;
				TARGETED_DEVICE_FAMILY = "1,2";
			};
			name = Release;
		};
/* End XCBuildConfiguration section */

/* Begin XCConfigurationList section */
		0482BBE3248E0EDA00D1ACC5 /* Build configuration list for PBXProject "NaviLoginViewController" */ = {
			isa = XCConfigurationList;
			buildConfigurations = (
				0482BBFA248E0EDD00D1ACC5 /* Debug */,
				0482BBFB248E0EDD00D1ACC5 /* Release */,
			);
			defaultConfigurationIsVisible = 0;
			defaultConfigurationName = Release;
		};
		0482BBFC248E0EDD00D1ACC5 /* Build configuration list for PBXNativeTarget "NaviLoginViewController" */ = {
			isa = XCConfigurationList;
			buildConfigurations = (
				0482BBFD248E0EDD00D1ACC5 /* Debug */,
				0482BBFE248E0EDD00D1ACC5 /* Release */,
			);
			defaultConfigurationIsVisible = 0;
			defaultConfigurationName = Release;
		};
/* End XCConfigurationList section */
	};
	rootObject = 0482BBE0248E0EDA00D1ACC5 /* Project object */;
}
