// !$*UTF8*$!
{
	archiveVersion = 1;
	classes = {
	};
	objectVersion = 50;
	objects = {

/* Begin PBXBuildFile section */
		04477FCB239F6F9600BDDCD1 /* AppDelegate.swift in Sources */ = {isa = PBXBuildFile; fileRef = 04477FCA239F6F9600BDDCD1 /* AppDelegate.swift */; };
		04477FCD239F6F9600BDDCD1 /* SceneDelegate.swift in Sources */ = {isa = PBXBuildFile; fileRef = 04477FCC239F6F9600BDDCD1 /* SceneDelegate.swift */; };
		04477FCF239F6F9600BDDCD1 /* ViewController.swift in Sources */ = {isa = PBXBuildFile; fileRef = 04477FCE239F6F9600BDDCD1 /* ViewController.swift */; };
		04477FD2239F6F9600BDDCD1 /* Main.storyboard in Resources */ = {isa = PBXBuildFile; fileRef = 04477FD0239F6F9600BDDCD1 /* Main.storyboard */; };
		04477FD4239F6F9B00BDDCD1 /* Assets.xcassets in Resources */ = {isa = PBXBuildFile; fileRef = 04477FD3239F6F9B00BDDCD1 /* Assets.xcassets */; };
		04477FD7239F6F9B00BDDCD1 /* LaunchScreen.storyboard in Resources */ = {isa = PBXBuildFile; fileRef = 04477FD5239F6F9B00BDDCD1 /* LaunchScreen.storyboard */; };
/* End PBXBuildFile section */

/* Begin PBXFileReference section */
		04477FC7239F6F9600BDDCD1 /* TextFieldDelegateExample.app */ = {isa = PBXFileReference; explicitFileType = wrapper.application; includeInIndex = 0; path = TextFieldDelegateExample.app; sourceTree = BUILT_PRODUCTS_DIR; };
		04477FCA239F6F9600BDDCD1 /* AppDelegate.swift */ = {isa = PBXFileReference; lastKnownFileType = sourcecode.swift; path = AppDelegate.swift; sourceTree = "<group>"; };
		04477FCC239F6F9600BDDCD1 /* SceneDelegate.swift */ = {isa = PBXFileReference; lastKnownFileType = sourcecode.swift; path = SceneDelegate.swift; sourceTree = "<group>"; };
		04477FCE239F6F9600BDDCD1 /* ViewController.swift */ = {isa = PBXFileReference; lastKnownFileType = sourcecode.swift; path = ViewController.swift; sourceTree = "<group>"; };
		04477FD1239F6F9600BDDCD1 /* Base */ = {isa = PBXFileReference; lastKnownFileType = file.storyboard; name = Base; path = Base.lproj/Main.storyboard; sourceTree = "<group>"; };
		04477FD3239F6F9B00BDDCD1 /* Assets.xcassets */ = {isa = PBXFileReference; lastKnownFileType = folder.assetcatalog; path = Assets.xcassets; sourceTree = "<group>"; };
		04477FD6239F6F9B00BDDCD1 /* Base */ = {isa = PBXFileReference; lastKnownFileType = file.storyboard; name = Base; path = Base.lproj/LaunchScreen.storyboard; sourceTree = "<group>"; };
		04477FD8239F6F9B00BDDCD1 /* Info.plist */ = {isa = PBXFileReference; lastKnownFileType = text.plist.xml; path = Info.plist; sourceTree = "<group>"; };
/* End PBXFileReference section */

/* Begin PBXFrameworksBuildPhase section */
		04477FC4239F6F9600BDDCD1 /* Frameworks */ = {
			isa = PBXFrameworksBuildPhase;
			buildActionMask = 2147483647;
			files = (
			);
			runOnlyForDeploymentPostprocessing = 0;
		};
/* End PBXFrameworksBuildPhase section */

/* Begin PBXGroup section */
		04477FBE239F6F9600BDDCD1 = {
			isa = PBXGroup;
			children = (
				04477FC9239F6F9600BDDCD1 /* TextFieldDelegateExample */,
				04477FC8239F6F9600BDDCD1 /* Products */,
			);
			sourceTree = "<group>";
		};
		04477FC8239F6F9600BDDCD1 /* Products */ = {
			isa = PBXGroup;
			children = (
				04477FC7239F6F9600BDDCD1 /* TextFieldDelegateExample.app */,
			);
			name = Products;
			sourceTree = "<group>";
		};
		04477FC9239F6F9600BDDCD1 /* TextFieldDelegateExample */ = {
			isa = PBXGroup;
			children = (
				04477FCA239F6F9600BDDCD1 /* AppDelegate.swift */,
				04477FCC239F6F9600BDDCD1 /* SceneDelegate.swift */,
				04477FCE239F6F9600BDDCD1 /* ViewController.swift */,
				04477FD0239F6F9600BDDCD1 /* Main.storyboard */,
				04477FD3239F6F9B00BDDCD1 /* Assets.xcassets */,
				04477FD5239F6F9B00BDDCD1 /* LaunchScreen.storyboard */,
				04477FD8239F6F9B00BDDCD1 /* Info.plist */,
			);
			path = TextFieldDelegateExample;
			sourceTree = "<group>";
		};
/* End PBXGroup section */

/* Begin PBXNativeTarget section */
		04477FC6239F6F9600BDDCD1 /* TextFieldDelegateExample */ = {
			isa = PBXNativeTarget;
			buildConfigurationList = 04477FDB239F6F9B00BDDCD1 /* Build configuration list for PBXNativeTarget "TextFieldDelegateExample" */;
			buildPhases = (
				04477FC3239F6F9600BDDCD1 /* Sources */,
				04477FC4239F6F9600BDDCD1 /* Frameworks */,
				04477FC5239F6F9600BDDCD1 /* Resources */,
			);
			buildRules = (
			);
			dependencies = (
			);
			name = TextFieldDelegateExample;
			productName = TextFieldDelegateExample;
			productReference = 04477FC7239F6F9600BDDCD1 /* TextFieldDelegateExample.app */;
			productType = "com.apple.product-type.application";
		};
/* End PBXNativeTarget section */

/* Begin PBXProject section */
		04477FBF239F6F9600BDDCD1 /* Project object */ = {
			isa = PBXProject;
			attributes = {
				LastSwiftUpdateCheck = 1120;
				LastUpgradeCheck = 1120;
				ORGANIZATIONNAME = Seokjin;
				TargetAttributes = {
					04477FC6239F6F9600BDDCD1 = {
						CreatedOnToolsVersion = 11.2.1;
					};
				};
			};
			buildConfigurationList = 04477FC2239F6F9600BDDCD1 /* Build configuration list for PBXProject "TextFieldDelegateExample" */;
			compatibilityVersion = "Xcode 9.3";
			developmentRegion = en;
			hasScannedForEncodings = 0;
			knownRegions = (
				en,
				Base,
			);
			mainGroup = 04477FBE239F6F9600BDDCD1;
			productRefGroup = 04477FC8239F6F9600BDDCD1 /* Products */;
			projectDirPath = "";
			projectRoot = "";
			targets = (
				04477FC6239F6F9600BDDCD1 /* TextFieldDelegateExample */,
			);
		};
/* End PBXProject section */

/* Begin PBXResourcesBuildPhase section */
		04477FC5239F6F9600BDDCD1 /* Resources */ = {
			isa = PBXResourcesBuildPhase;
			buildActionMask = 2147483647;
			files = (
				04477FD7239F6F9B00BDDCD1 /* LaunchScreen.storyboard in Resources */,
				04477FD4239F6F9B00BDDCD1 /* Assets.xcassets in Resources */,
				04477FD2239F6F9600BDDCD1 /* Main.storyboard in Resources */,
			);
			runOnlyForDeploymentPostprocessing = 0;
		};
/* End PBXResourcesBuildPhase section */

/* Begin PBXSourcesBuildPhase section */
		04477FC3239F6F9600BDDCD1 /* Sources */ = {
			isa = PBXSourcesBuildPhase;
			buildActionMask = 2147483647;
			files = (
				04477FCF239F6F9600BDDCD1 /* ViewController.swift in Sources */,
				04477FCB239F6F9600BDDCD1 /* AppDelegate.swift in Sources */,
				04477FCD239F6F9600BDDCD1 /* SceneDelegate.swift in Sources */,
			);
			runOnlyForDeploymentPostprocessing = 0;
		};
/* End PBXSourcesBuildPhase section */

/* Begin PBXVariantGroup section */
		04477FD0239F6F9600BDDCD1 /* Main.storyboard */ = {
			isa = PBXVariantGroup;
			children = (
				04477FD1239F6F9600BDDCD1 /* Base */,
			);
			name = Main.storyboard;
			sourceTree = "<group>";
		};
		04477FD5239F6F9B00BDDCD1 /* LaunchScreen.storyboard */ = {
			isa = PBXVariantGroup;
			children = (
				04477FD6239F6F9B00BDDCD1 /* Base */,
			);
			name = LaunchScreen.storyboard;
			sourceTree = "<group>";
		};
/* End PBXVariantGroup section */

/* Begin XCBuildConfiguration section */
		04477FD9239F6F9B00BDDCD1 /* Debug */ = {
			isa = XCBuildConfiguration;
			buildSettings = {
				ALWAYS_SEARCH_USER_PATHS = NO;
				CLANG_ANALYZER_NONNULL = YES;
				CLANG_ANALYZER_NUMBER_OBJECT_CONVERSION = YES_AGGRESSIVE;
				CLANG_CXX_LANGUAGE_STANDARD = "gnu++14";
				CLANG_CXX_LIBRARY = "libc++";
				CLANG_ENABLE_MODULES = YES;
				CLANG_ENABLE_OBJC_ARC = YES;
				CLANG_ENABLE_OBJC_WEAK = YES;
				CLANG_WARN_BLOCK_CAPTURE_AUTORELEASING = YES;
				CLANG_WARN_BOOL_CONVERSION = YES;
				CLANG_WARN_COMMA = YES;
				CLANG_WARN_CONSTANT_CONVERSION = YES;
				CLANG_WARN_DEPRECATED_OBJC_IMPLEMENTATIONS = YES;
				CLANG_WARN_DIRECT_OBJC_ISA_USAGE = YES_ERROR;
				CLANG_WARN_DOCUMENTATION_COMMENTS = YES;
				CLANG_WARN_EMPTY_BODY = YES;
				CLANG_WARN_ENUM_CONVERSION = YES;
				CLANG_WARN_INFINITE_RECURSION = YES;
				CLANG_WARN_INT_CONVERSION = YES;
				CLANG_WARN_NON_LITERAL_NULL_CONVERSION = YES;
				CLANG_WARN_OBJC_IMPLICIT_RETAIN_SELF = YES;
				CLANG_WARN_OBJC_LITERAL_CONVERSION = YES;
				CLANG_WARN_OBJC_ROOT_CLASS = YES_ERROR;
				CLANG_WARN_RANGE_LOOP_ANALYSIS = YES;
				CLANG_WARN_STRICT_PROTOTYPES = YES;
				CLANG_WARN_SUSPICIOUS_MOVE = YES;
				CLANG_WARN_UNGUARDED_AVAILABILITY = YES_AGGRESSIVE;
				CLANG_WARN_UNREACHABLE_CODE = YES;
				CLANG_WARN__DUPLICATE_METHOD_MATCH = YES;
				COPY_PHASE_STRIP = NO;
				DEBUG_INFORMATION_FORMAT = dwarf;
				ENABLE_STRICT_OBJC_MSGSEND = YES;
				ENABLE_TESTABILITY = YES;
				GCC_C_LANGUAGE_STANDARD = gnu11;
				GCC_DYNAMIC_NO_PIC = NO;
				GCC_NO_COMMON_BLOCKS = YES;
				GCC_OPTIMIZATION_LEVEL = 0;
				GCC_PREPROCESSOR_DEFINITIONS = (
					"DEBUG=1",
					"$(inherited)",
				);
				GCC_WARN_64_TO_32_BIT_CONVERSION = YES;
				GCC_WARN_ABOUT_RETURN_TYPE = YES_ERROR;
				GCC_WARN_UNDECLARED_SELECTOR = YES;
				GCC_WARN_UNINITIALIZED_AUTOS = YES_AGGRESSIVE;
				GCC_WARN_UNUSED_FUNCTION = YES;
				GCC_WARN_UNUSED_VARIABLE = YES;
				IPHONEOS_DEPLOYMENT_TARGET = 13.2;
				MTL_ENABLE_DEBUG_INFO = INCLUDE_SOURCE;
				MTL_FAST_MATH = YES;
				ONLY_ACTIVE_ARCH = YES;
				SDKROOT = iphoneos;
				SWIFT_ACTIVE_COMPILATION_CONDITIONS = DEBUG;
				SWIFT_OPTIMIZATION_LEVEL = "-Onone";
			};
			name = Debug;
		};
		04477FDA239F6F9B00BDDCD1 /* Release */ = {
			isa = XCBuildConfiguration;
			buildSettings = {
				ALWAYS_SEARCH_USER_PATHS = NO;
				CLANG_ANALYZER_NONNULL = YES;
				CLANG_ANALYZER_NUMBER_OBJECT_CONVERSION = YES_AGGRESSIVE;
				CLANG_CXX_LANGUAGE_STANDARD = "gnu++14";
				CLANG_CXX_LIBRARY = "libc++";
				CLANG_ENABLE_MODULES = YES;
				CLANG_ENABLE_OBJC_ARC = YES;
				CLANG_ENABLE_OBJC_WEAK = YES;
				CLANG_WARN_BLOCK_CAPTURE_AUTORELEASING = YES;
				CLANG_WARN_BOOL_CONVERSION = YES;
				CLANG_WARN_COMMA = YES;
				CLANG_WARN_CONSTANT_CONVERSION = YES;
				CLANG_WARN_DEPRECATED_OBJC_IMPLEMENTATIONS = YES;
				CLANG_WARN_DIRECT_OBJC_ISA_USAGE = YES_ERROR;
				CLANG_WARN_DOCUMENTATION_COMMENTS = YES;
				CLANG_WARN_EMPTY_BODY = YES;
				CLANG_WARN_ENUM_CONVERSION = YES;
				CLANG_WARN_INFINITE_RECURSION = YES;
				CLANG_WARN_INT_CONVERSION = YES;
				CLANG_WARN_NON_LITERAL_NULL_CONVERSION = YES;
				CLANG_WARN_OBJC_IMPLICIT_RETAIN_SELF = YES;
				CLANG_WARN_OBJC_LITERAL_CONVERSION = YES;
				CLANG_WARN_OBJC_ROOT_CLASS = YES_ERROR;
				CLANG_WARN_RANGE_LOOP_ANALYSIS = YES;
				CLANG_WARN_STRICT_PROTOTYPES = YES;
				CLANG_WARN_SUSPICIOUS_MOVE = YES;
				CLANG_WARN_UNGUARDED_AVAILABILITY = YES_AGGRESSIVE;
				CLANG_WARN_UNREACHABLE_CODE = YES;
				CLANG_WARN__DUPLICATE_METHOD_MATCH = YES;
				COPY_PHASE_STRIP = NO;
				DEBUG_INFORMATION_FORMAT = "dwarf-with-dsym";
				ENABLE_NS_ASSERTIONS = NO;
				ENABLE_STRICT_OBJC_MSGSEND = YES;
				GCC_C_LANGUAGE_STANDARD = gnu11;
				GCC_NO_COMMON_BLOCKS = YES;
				GCC_WARN_64_TO_32_BIT_CONVERSION = YES;
				GCC_WARN_ABOUT_RETURN_TYPE = YES_ERROR;
				GCC_WARN_UNDECLARED_SELECTOR = YES;
				GCC_WARN_UNINITIALIZED_AUTOS = YES_AGGRESSIVE;
				GCC_WARN_UNUSED_FUNCTION = YES;
				GCC_WARN_UNUSED_VARIABLE = YES;
				IPHONEOS_DEPLOYMENT_TARGET = 13.2;
				MTL_ENABLE_DEBUG_INFO = NO;
				MTL_FAST_MATH = YES;
				SDKROOT = iphoneos;
				SWIFT_COMPILATION_MODE = wholemodule;
				SWIFT_OPTIMIZATION_LEVEL = "-O";
				VALIDATE_PRODUCT = YES;
			};
			name = Release;
		};
		04477FDC239F6F9B00BDDCD1 /* Debug */ = {
			isa = XCBuildConfiguration;
			buildSettings = {
				ASSETCATALOG_COMPILER_APPICON_NAME = AppIcon;
				CODE_SIGN_STYLE = Automatic;
				DEVELOPMENT_TEAM = 6AN364W3MX;
				INFOPLIST_FILE = TextFieldDelegateExample/Info.plist;
				LD_RUNPATH_SEARCH_PATHS = (
					"$(inherited)",
					"@executable_path/Frameworks",
				);
				PRODUCT_BUNDLE_IDENTIFIER = sj2joy.TextFieldDelegateExample;
				PRODUCT_NAME = "$(TARGET_NAME)";
				SWIFT_VERSION = 5.0;
				TARGETED_DEVICE_FAMILY = "1,2";
			};
			name = Debug;
		};
		04477FDD239F6F9B00BDDCD1 /* Release */ = {
			isa = XCBuildConfiguration;
			buildSettings = {
				ASSETCATALOG_COMPILER_APPICON_NAME = AppIcon;
				CODE_SIGN_STYLE = Automatic;
				DEVELOPMENT_TEAM = 6AN364W3MX;
				INFOPLIST_FILE = TextFieldDelegateExample/Info.plist;
				LD_RUNPATH_SEARCH_PATHS = (
					"$(inherited)",
					"@executable_path/Frameworks",
				);
				PRODUCT_BUNDLE_IDENTIFIER = sj2joy.TextFieldDelegateExample;
				PRODUCT_NAME = "$(TARGET_NAME)";
				SWIFT_VERSION = 5.0;
				TARGETED_DEVICE_FAMILY = "1,2";
			};
			name = Release;
		};
/* End XCBuildConfiguration section */

/* Begin XCConfigurationList section */
		04477FC2239F6F9600BDDCD1 /* Build configuration list for PBXProject "TextFieldDelegateExample" */ = {
			isa = XCConfigurationList;
			buildConfigurations = (
				04477FD9239F6F9B00BDDCD1 /* Debug */,
				04477FDA239F6F9B00BDDCD1 /* Release */,
			);
			defaultConfigurationIsVisible = 0;
			defaultConfigurationName = Release;
		};
		04477FDB239F6F9B00BDDCD1 /* Build configuration list for PBXNativeTarget "TextFieldDelegateExample" */ = {
			isa = XCConfigurationList;
			buildConfigurations = (
				04477FDC239F6F9B00BDDCD1 /* Debug */,
				04477FDD239F6F9B00BDDCD1 /* Release */,
			);
			defaultConfigurationIsVisible = 0;
			defaultConfigurationName = Release;
		};
/* End XCConfigurationList section */
	};
	rootObject = 04477FBF239F6F9600BDDCD1 /* Project object */;
}
