// !$*UTF8*$!
{
	archiveVersion = 1;
	classes = {
	};
	objectVersion = 50;
	objects = {

/* Begin PBXBuildFile section */
		04D38DDD24F8B48C00714FBC /* AppDelegate.swift in Sources */ = {isa = PBXBuildFile; fileRef = 04D38DDC24F8B48C00714FBC /* AppDelegate.swift */; };
		04D38DDF24F8B48C00714FBC /* SceneDelegate.swift in Sources */ = {isa = PBXBuildFile; fileRef = 04D38DDE24F8B48C00714FBC /* SceneDelegate.swift */; };
		04D38DE124F8B48C00714FBC /* ViewController.swift in Sources */ = {isa = PBXBuildFile; fileRef = 04D38DE024F8B48C00714FBC /* ViewController.swift */; };
		04D38DE424F8B48C00714FBC /* Main.storyboard in Resources */ = {isa = PBXBuildFile; fileRef = 04D38DE224F8B48C00714FBC /* Main.storyboard */; };
		04D38DE624F8B48D00714FBC /* Assets.xcassets in Resources */ = {isa = PBXBuildFile; fileRef = 04D38DE524F8B48D00714FBC /* Assets.xcassets */; };
		04D38DE924F8B48D00714FBC /* LaunchScreen.storyboard in Resources */ = {isa = PBXBuildFile; fileRef = 04D38DE724F8B48D00714FBC /* LaunchScreen.storyboard */; };
/* End PBXBuildFile section */

/* Begin PBXFileReference section */
		04D38DD924F8B48C00714FBC /* Practice8 API.app */ = {isa = PBXFileReference; explicitFileType = wrapper.application; includeInIndex = 0; path = "Practice8 API.app"; sourceTree = BUILT_PRODUCTS_DIR; };
		04D38DDC24F8B48C00714FBC /* AppDelegate.swift */ = {isa = PBXFileReference; lastKnownFileType = sourcecode.swift; path = AppDelegate.swift; sourceTree = "<group>"; };
		04D38DDE24F8B48C00714FBC /* SceneDelegate.swift */ = {isa = PBXFileReference; lastKnownFileType = sourcecode.swift; path = SceneDelegate.swift; sourceTree = "<group>"; };
		04D38DE024F8B48C00714FBC /* ViewController.swift */ = {isa = PBXFileReference; lastKnownFileType = sourcecode.swift; path = ViewController.swift; sourceTree = "<group>"; };
		04D38DE324F8B48C00714FBC /* Base */ = {isa = PBXFileReference; lastKnownFileType = file.storyboard; name = Base; path = Base.lproj/Main.storyboard; sourceTree = "<group>"; };
		04D38DE524F8B48D00714FBC /* Assets.xcassets */ = {isa = PBXFileReference; lastKnownFileType = folder.assetcatalog; path = Assets.xcassets; sourceTree = "<group>"; };
		04D38DE824F8B48D00714FBC /* Base */ = {isa = PBXFileReference; lastKnownFileType = file.storyboard; name = Base; path = Base.lproj/LaunchScreen.storyboard; sourceTree = "<group>"; };
		04D38DEA24F8B48D00714FBC /* Info.plist */ = {isa = PBXFileReference; lastKnownFileType = text.plist.xml; path = Info.plist; sourceTree = "<group>"; };
/* End PBXFileReference section */

/* Begin PBXFrameworksBuildPhase section */
		04D38DD624F8B48C00714FBC /* Frameworks */ = {
			isa = PBXFrameworksBuildPhase;
			buildActionMask = 2147483647;
			files = (
			);
			runOnlyForDeploymentPostprocessing = 0;
		};
/* End PBXFrameworksBuildPhase section */

/* Begin PBXGroup section */
		04D38DD024F8B48C00714FBC = {
			isa = PBXGroup;
			children = (
				04D38DDB24F8B48C00714FBC /* Practice8 API */,
				04D38DDA24F8B48C00714FBC /* Products */,
			);
			sourceTree = "<group>";
		};
		04D38DDA24F8B48C00714FBC /* Products */ = {
			isa = PBXGroup;
			children = (
				04D38DD924F8B48C00714FBC /* Practice8 API.app */,
			);
			name = Products;
			sourceTree = "<group>";
		};
		04D38DDB24F8B48C00714FBC /* Practice8 API */ = {
			isa = PBXGroup;
			children = (
				04D38DDC24F8B48C00714FBC /* AppDelegate.swift */,
				04D38DDE24F8B48C00714FBC /* SceneDelegate.swift */,
				04D38DE024F8B48C00714FBC /* ViewController.swift */,
				04D38DE224F8B48C00714FBC /* Main.storyboard */,
				04D38DE524F8B48D00714FBC /* Assets.xcassets */,
				04D38DE724F8B48D00714FBC /* LaunchScreen.storyboard */,
				04D38DEA24F8B48D00714FBC /* Info.plist */,
			);
			path = "Practice8 API";
			sourceTree = "<group>";
		};
/* End PBXGroup section */

/* Begin PBXNativeTarget section */
		04D38DD824F8B48C00714FBC /* Practice8 API */ = {
			isa = PBXNativeTarget;
			buildConfigurationList = 04D38DED24F8B48D00714FBC /* Build configuration list for PBXNativeTarget "Practice8 API" */;
			buildPhases = (
				04D38DD524F8B48C00714FBC /* Sources */,
				04D38DD624F8B48C00714FBC /* Frameworks */,
				04D38DD724F8B48C00714FBC /* Resources */,
			);
			buildRules = (
			);
			dependencies = (
			);
			name = "Practice8 API";
			productName = "Practice8 API";
			productReference = 04D38DD924F8B48C00714FBC /* Practice8 API.app */;
			productType = "com.apple.product-type.application";
		};
/* End PBXNativeTarget section */

/* Begin PBXProject section */
		04D38DD124F8B48C00714FBC /* Project object */ = {
			isa = PBXProject;
			attributes = {
				LastSwiftUpdateCheck = 1160;
				LastUpgradeCheck = 1160;
				ORGANIZATIONNAME = Seokjin;
				TargetAttributes = {
					04D38DD824F8B48C00714FBC = {
						CreatedOnToolsVersion = 11.6;
					};
				};
			};
			buildConfigurationList = 04D38DD424F8B48C00714FBC /* Build configuration list for PBXProject "Practice8 API" */;
			compatibilityVersion = "Xcode 9.3";
			developmentRegion = en;
			hasScannedForEncodings = 0;
			knownRegions = (
				en,
				Base,
			);
			mainGroup = 04D38DD024F8B48C00714FBC;
			productRefGroup = 04D38DDA24F8B48C00714FBC /* Products */;
			projectDirPath = "";
			projectRoot = "";
			targets = (
				04D38DD824F8B48C00714FBC /* Practice8 API */,
			);
		};
/* End PBXProject section */

/* Begin PBXResourcesBuildPhase section */
		04D38DD724F8B48C00714FBC /* Resources */ = {
			isa = PBXResourcesBuildPhase;
			buildActionMask = 2147483647;
			files = (
				04D38DE924F8B48D00714FBC /* LaunchScreen.storyboard in Resources */,
				04D38DE624F8B48D00714FBC /* Assets.xcassets in Resources */,
				04D38DE424F8B48C00714FBC /* Main.storyboard in Resources */,
			);
			runOnlyForDeploymentPostprocessing = 0;
		};
/* End PBXResourcesBuildPhase section */

/* Begin PBXSourcesBuildPhase section */
		04D38DD524F8B48C00714FBC /* Sources */ = {
			isa = PBXSourcesBuildPhase;
			buildActionMask = 2147483647;
			files = (
				04D38DE124F8B48C00714FBC /* ViewController.swift in Sources */,
				04D38DDD24F8B48C00714FBC /* AppDelegate.swift in Sources */,
				04D38DDF24F8B48C00714FBC /* SceneDelegate.swift in Sources */,
			);
			runOnlyForDeploymentPostprocessing = 0;
		};
/* End PBXSourcesBuildPhase section */

/* Begin PBXVariantGroup section */
		04D38DE224F8B48C00714FBC /* Main.storyboard */ = {
			isa = PBXVariantGroup;
			children = (
				04D38DE324F8B48C00714FBC /* Base */,
			);
			name = Main.storyboard;
			sourceTree = "<group>";
		};
		04D38DE724F8B48D00714FBC /* LaunchScreen.storyboard */ = {
			isa = PBXVariantGroup;
			children = (
				04D38DE824F8B48D00714FBC /* Base */,
			);
			name = LaunchScreen.storyboard;
			sourceTree = "<group>";
		};
/* End PBXVariantGroup section */

/* Begin XCBuildConfiguration section */
		04D38DEB24F8B48D00714FBC /* Debug */ = {
			isa = XCBuildConfiguration;
			buildSettings = {
				ALWAYS_SEARCH_USER_PATHS = NO;
				CLANG_ANALYZER_NONNULL = YES;
				CLANG_ANALYZER_NUMBER_OBJECT_CONVERSION = YES_AGGRESSIVE;
				CLANG_CXX_LANGUAGE_STANDARD = "gnu++14";
				CLANG_CXX_LIBRARY = "libc++";
				CLANG_ENABLE_MODULES = YES;
				CLANG_ENABLE_OBJC_ARC = YES;
				CLANG_ENABLE_OBJC_WEAK = YES;
				CLANG_WARN_BLOCK_CAPTURE_AUTORELEASING = YES;
				CLANG_WARN_BOOL_CONVERSION = YES;
				CLANG_WARN_COMMA = YES;
				CLANG_WARN_CONSTANT_CONVERSION = YES;
				CLANG_WARN_DEPRECATED_OBJC_IMPLEMENTATIONS = YES;
				CLANG_WARN_DIRECT_OBJC_ISA_USAGE = YES_ERROR;
				CLANG_WARN_DOCUMENTATION_COMMENTS = YES;
				CLANG_WARN_EMPTY_BODY = YES;
				CLANG_WARN_ENUM_CONVERSION = YES;
				CLANG_WARN_INFINITE_RECURSION = YES;
				CLANG_WARN_INT_CONVERSION = YES;
				CLANG_WARN_NON_LITERAL_NULL_CONVERSION = YES;
				CLANG_WARN_OBJC_IMPLICIT_RETAIN_SELF = YES;
				CLANG_WARN_OBJC_LITERAL_CONVERSION = YES;
				CLANG_WARN_OBJC_ROOT_CLASS = YES_ERROR;
				CLANG_WARN_RANGE_LOOP_ANALYSIS = YES;
				CLANG_WARN_STRICT_PROTOTYPES = YES;
				CLANG_WARN_SUSPICIOUS_MOVE = YES;
				CLANG_WARN_UNGUARDED_AVAILABILITY = YES_AGGRESSIVE;
				CLANG_WARN_UNREACHABLE_CODE = YES;
				CLANG_WARN__DUPLICATE_METHOD_MATCH = YES;
				COPY_PHASE_STRIP = NO;
				DEBUG_INFORMATION_FORMAT = dwarf;
				ENABLE_STRICT_OBJC_MSGSEND = YES;
				ENABLE_TESTABILITY = YES;
				GCC_C_LANGUAGE_STANDARD = gnu11;
				GCC_DYNAMIC_NO_PIC = NO;
				GCC_NO_COMMON_BLOCKS = YES;
				GCC_OPTIMIZATION_LEVEL = 0;
				GCC_PREPROCESSOR_DEFINITIONS = (
					"DEBUG=1",
					"$(inherited)",
				);
				GCC_WARN_64_TO_32_BIT_CONVERSION = YES;
				GCC_WARN_ABOUT_RETURN_TYPE = YES_ERROR;
				GCC_WARN_UNDECLARED_SELECTOR = YES;
				GCC_WARN_UNINITIALIZED_AUTOS = YES_AGGRESSIVE;
				GCC_WARN_UNUSED_FUNCTION = YES;
				GCC_WARN_UNUSED_VARIABLE = YES;
				IPHONEOS_DEPLOYMENT_TARGET = 13.6;
				MTL_ENABLE_DEBUG_INFO = INCLUDE_SOURCE;
				MTL_FAST_MATH = YES;
				ONLY_ACTIVE_ARCH = YES;
				SDKROOT = iphoneos;
				SWIFT_ACTIVE_COMPILATION_CONDITIONS = DEBUG;
				SWIFT_OPTIMIZATION_LEVEL = "-Onone";
			};
			name = Debug;
		};
		04D38DEC24F8B48D00714FBC /* Release */ = {
			isa = XCBuildConfiguration;
			buildSettings = {
				ALWAYS_SEARCH_USER_PATHS = NO;
				CLANG_ANALYZER_NONNULL = YES;
				CLANG_ANALYZER_NUMBER_OBJECT_CONVERSION = YES_AGGRESSIVE;
				CLANG_CXX_LANGUAGE_STANDARD = "gnu++14";
				CLANG_CXX_LIBRARY = "libc++";
				CLANG_ENABLE_MODULES = YES;
				CLANG_ENABLE_OBJC_ARC = YES;
				CLANG_ENABLE_OBJC_WEAK = YES;
				CLANG_WARN_BLOCK_CAPTURE_AUTORELEASING = YES;
				CLANG_WARN_BOOL_CONVERSION = YES;
				CLANG_WARN_COMMA = YES;
				CLANG_WARN_CONSTANT_CONVERSION = YES;
				CLANG_WARN_DEPRECATED_OBJC_IMPLEMENTATIONS = YES;
				CLANG_WARN_DIRECT_OBJC_ISA_USAGE = YES_ERROR;
				CLANG_WARN_DOCUMENTATION_COMMENTS = YES;
				CLANG_WARN_EMPTY_BODY = YES;
				CLANG_WARN_ENUM_CONVERSION = YES;
				CLANG_WARN_INFINITE_RECURSION = YES;
				CLANG_WARN_INT_CONVERSION = YES;
				CLANG_WARN_NON_LITERAL_NULL_CONVERSION = YES;
				CLANG_WARN_OBJC_IMPLICIT_RETAIN_SELF = YES;
				CLANG_WARN_OBJC_LITERAL_CONVERSION = YES;
				CLANG_WARN_OBJC_ROOT_CLASS = YES_ERROR;
				CLANG_WARN_RANGE_LOOP_ANALYSIS = YES;
				CLANG_WARN_STRICT_PROTOTYPES = YES;
				CLANG_WARN_SUSPICIOUS_MOVE = YES;
				CLANG_WARN_UNGUARDED_AVAILABILITY = YES_AGGRESSIVE;
				CLANG_WARN_UNREACHABLE_CODE = YES;
				CLANG_WARN__DUPLICATE_METHOD_MATCH = YES;
				COPY_PHASE_STRIP = NO;
				DEBUG_INFORMATION_FORMAT = "dwarf-with-dsym";
				ENABLE_NS_ASSERTIONS = NO;
				ENABLE_STRICT_OBJC_MSGSEND = YES;
				GCC_C_LANGUAGE_STANDARD = gnu11;
				GCC_NO_COMMON_BLOCKS = YES;
				GCC_WARN_64_TO_32_BIT_CONVERSION = YES;
				GCC_WARN_ABOUT_RETURN_TYPE = YES_ERROR;
				GCC_WARN_UNDECLARED_SELECTOR = YES;
				GCC_WARN_UNINITIALIZED_AUTOS = YES_AGGRESSIVE;
				GCC_WARN_UNUSED_FUNCTION = YES;
				GCC_WARN_UNUSED_VARIABLE = YES;
				IPHONEOS_DEPLOYMENT_TARGET = 13.6;
				MTL_ENABLE_DEBUG_INFO = NO;
				MTL_FAST_MATH = YES;
				SDKROOT = iphoneos;
				SWIFT_COMPILATION_MODE = wholemodule;
				SWIFT_OPTIMIZATION_LEVEL = "-O";
				VALIDATE_PRODUCT = YES;
			};
			name = Release;
		};
		04D38DEE24F8B48D00714FBC /* Debug */ = {
			isa = XCBuildConfiguration;
			buildSettings = {
				ASSETCATALOG_COMPILER_APPICON_NAME = AppIcon;
				CODE_SIGN_STYLE = Automatic;
				DEVELOPMENT_TEAM = 6AN364W3MX;
				INFOPLIST_FILE = "Practice8 API/Info.plist";
				LD_RUNPATH_SEARCH_PATHS = (
					"$(inherited)",
					"@executable_path/Frameworks",
				);
				PRODUCT_BUNDLE_IDENTIFIER = "sj2joy.Practice8-API";
				PRODUCT_NAME = "$(TARGET_NAME)";
				SWIFT_VERSION = 5.0;
				TARGETED_DEVICE_FAMILY = "1,2";
			};
			name = Debug;
		};
		04D38DEF24F8B48D00714FBC /* Release */ = {
			isa = XCBuildConfiguration;
			buildSettings = {
				ASSETCATALOG_COMPILER_APPICON_NAME = AppIcon;
				CODE_SIGN_STYLE = Automatic;
				DEVELOPMENT_TEAM = 6AN364W3MX;
				INFOPLIST_FILE = "Practice8 API/Info.plist";
				LD_RUNPATH_SEARCH_PATHS = (
					"$(inherited)",
					"@executable_path/Frameworks",
				);
				PRODUCT_BUNDLE_IDENTIFIER = "sj2joy.Practice8-API";
				PRODUCT_NAME = "$(TARGET_NAME)";
				SWIFT_VERSION = 5.0;
				TARGETED_DEVICE_FAMILY = "1,2";
			};
			name = Release;
		};
/* End XCBuildConfiguration section */

/* Begin XCConfigurationList section */
		04D38DD424F8B48C00714FBC /* Build configuration list for PBXProject "Practice8 API" */ = {
			isa = XCConfigurationList;
			buildConfigurations = (
				04D38DEB24F8B48D00714FBC /* Debug */,
				04D38DEC24F8B48D00714FBC /* Release */,
			);
			defaultConfigurationIsVisible = 0;
			defaultConfigurationName = Release;
		};
		04D38DED24F8B48D00714FBC /* Build configuration list for PBXNativeTarget "Practice8 API" */ = {
			isa = XCConfigurationList;
			buildConfigurations = (
				04D38DEE24F8B48D00714FBC /* Debug */,
				04D38DEF24F8B48D00714FBC /* Release */,
			);
			defaultConfigurationIsVisible = 0;
			defaultConfigurationName = Release;
		};
/* End XCConfigurationList section */
	};
	rootObject = 04D38DD124F8B48C00714FBC /* Project object */;
}
